// !$*UTF8*$!
{
	archiveVersion = 1;
	classes = {
	};
	objectVersion = 56;
	objects = {

/* Begin PBXBuildFile section */
		33EEA3152A5C6EDC00B9A9ED /* NYCSchoolsSwiftUITestApp.swift in Sources */ = {isa = PBXBuildFile; fileRef = 33EEA3142A5C6EDC00B9A9ED /* NYCSchoolsSwiftUITestApp.swift */; };
		33EEA3172A5C6EDC00B9A9ED /* ContentView.swift in Sources */ = {isa = PBXBuildFile; fileRef = 33EEA3162A5C6EDC00B9A9ED /* ContentView.swift */; };
		33EEA3192A5C6EDC00B9A9ED /* Assets.xcassets in Resources */ = {isa = PBXBuildFile; fileRef = 33EEA3182A5C6EDC00B9A9ED /* Assets.xcassets */; };
		33EEA31C2A5C6EDC00B9A9ED /* Preview Assets.xcassets in Resources */ = {isa = PBXBuildFile; fileRef = 33EEA31B2A5C6EDC00B9A9ED /* Preview Assets.xcassets */; };
		33EEA3262A5C6EDD00B9A9ED /* NYCSchoolsSwiftUITestTests.swift in Sources */ = {isa = PBXBuildFile; fileRef = 33EEA3252A5C6EDD00B9A9ED /* NYCSchoolsSwiftUITestTests.swift */; };
		33EEA3302A5C6EDD00B9A9ED /* NYCSchoolsSwiftUITestUITests.swift in Sources */ = {isa = PBXBuildFile; fileRef = 33EEA32F2A5C6EDD00B9A9ED /* NYCSchoolsSwiftUITestUITests.swift */; };
		33EEA3322A5C6EDD00B9A9ED /* NYCSchoolsSwiftUITestUITestsLaunchTests.swift in Sources */ = {isa = PBXBuildFile; fileRef = 33EEA3312A5C6EDD00B9A9ED /* NYCSchoolsSwiftUITestUITestsLaunchTests.swift */; };
/* End PBXBuildFile section */

/* Begin PBXContainerItemProxy section */
		33EEA3222A5C6EDD00B9A9ED /* PBXContainerItemProxy */ = {
			isa = PBXContainerItemProxy;
			containerPortal = 33EEA3092A5C6EDB00B9A9ED /* Project object */;
			proxyType = 1;
			remoteGlobalIDString = 33EEA3102A5C6EDC00B9A9ED;
			remoteInfo = NYCSchoolsSwiftUITest;
		};
		33EEA32C2A5C6EDD00B9A9ED /* PBXContainerItemProxy */ = {
			isa = PBXContainerItemProxy;
			containerPortal = 33EEA3092A5C6EDB00B9A9ED /* Project object */;
			proxyType = 1;
			remoteGlobalIDString = 33EEA3102A5C6EDC00B9A9ED;
			remoteInfo = NYCSchoolsSwiftUITest;
		};
/* End PBXContainerItemProxy section */

/* Begin PBXFileReference section */
		33EEA3112A5C6EDC00B9A9ED /* NYCSchoolsSwiftUITest.app */ = {isa = PBXFileReference; explicitFileType = wrapper.application; includeInIndex = 0; path = NYCSchoolsSwiftUITest.app; sourceTree = BUILT_PRODUCTS_DIR; };
		33EEA3142A5C6EDC00B9A9ED /* NYCSchoolsSwiftUITestApp.swift */ = {isa = PBXFileReference; lastKnownFileType = sourcecode.swift; path = NYCSchoolsSwiftUITestApp.swift; sourceTree = "<group>"; };
		33EEA3162A5C6EDC00B9A9ED /* ContentView.swift */ = {isa = PBXFileReference; lastKnownFileType = sourcecode.swift; path = ContentView.swift; sourceTree = "<group>"; };
		33EEA3182A5C6EDC00B9A9ED /* Assets.xcassets */ = {isa = PBXFileReference; lastKnownFileType = folder.assetcatalog; path = Assets.xcassets; sourceTree = "<group>"; };
		33EEA31B2A5C6EDC00B9A9ED /* Preview Assets.xcassets */ = {isa = PBXFileReference; lastKnownFileType = folder.assetcatalog; path = "Preview Assets.xcassets"; sourceTree = "<group>"; };
		33EEA3212A5C6EDD00B9A9ED /* NYCSchoolsSwiftUITestTests.xctest */ = {isa = PBXFileReference; explicitFileType = wrapper.cfbundle; includeInIndex = 0; path = NYCSchoolsSwiftUITestTests.xctest; sourceTree = BUILT_PRODUCTS_DIR; };
		33EEA3252A5C6EDD00B9A9ED /* NYCSchoolsSwiftUITestTests.swift */ = {isa = PBXFileReference; lastKnownFileType = sourcecode.swift; path = NYCSchoolsSwiftUITestTests.swift; sourceTree = "<group>"; };
		33EEA32B2A5C6EDD00B9A9ED /* NYCSchoolsSwiftUITestUITests.xctest */ = {isa = PBXFileReference; explicitFileType = wrapper.cfbundle; includeInIndex = 0; path = NYCSchoolsSwiftUITestUITests.xctest; sourceTree = BUILT_PRODUCTS_DIR; };
		33EEA32F2A5C6EDD00B9A9ED /* NYCSchoolsSwiftUITestUITests.swift */ = {isa = PBXFileReference; lastKnownFileType = sourcecode.swift; path = NYCSchoolsSwiftUITestUITests.swift; sourceTree = "<group>"; };
		33EEA3312A5C6EDD00B9A9ED /* NYCSchoolsSwiftUITestUITestsLaunchTests.swift */ = {isa = PBXFileReference; lastKnownFileType = sourcecode.swift; path = NYCSchoolsSwiftUITestUITestsLaunchTests.swift; sourceTree = "<group>"; };
/* End PBXFileReference section */

/* Begin PBXFrameworksBuildPhase section */
		33EEA30E2A5C6EDC00B9A9ED /* Frameworks */ = {
			isa = PBXFrameworksBuildPhase;
			buildActionMask = 2147483647;
			files = (
			);
			runOnlyForDeploymentPostprocessing = 0;
		};
		33EEA31E2A5C6EDD00B9A9ED /* Frameworks */ = {
			isa = PBXFrameworksBuildPhase;
			buildActionMask = 2147483647;
			files = (
			);
			runOnlyForDeploymentPostprocessing = 0;
		};
		33EEA3282A5C6EDD00B9A9ED /* Frameworks */ = {
			isa = PBXFrameworksBuildPhase;
			buildActionMask = 2147483647;
			files = (
			);
			runOnlyForDeploymentPostprocessing = 0;
		};
/* End PBXFrameworksBuildPhase section */

/* Begin PBXGroup section */
		33EEA3082A5C6EDB00B9A9ED = {
			isa = PBXGroup;
			children = (
				33EEA3132A5C6EDC00B9A9ED /* NYCSchoolsSwiftUITest */,
				33EEA3242A5C6EDD00B9A9ED /* NYCSchoolsSwiftUITestTests */,
				33EEA32E2A5C6EDD00B9A9ED /* NYCSchoolsSwiftUITestUITests */,
				33EEA3122A5C6EDC00B9A9ED /* Products */,
			);
			sourceTree = "<group>";
		};
		33EEA3122A5C6EDC00B9A9ED /* Products */ = {
			isa = PBXGroup;
			children = (
				33EEA3112A5C6EDC00B9A9ED /* NYCSchoolsSwiftUITest.app */,
				33EEA3212A5C6EDD00B9A9ED /* NYCSchoolsSwiftUITestTests.xctest */,
				33EEA32B2A5C6EDD00B9A9ED /* NYCSchoolsSwiftUITestUITests.xctest */,
			);
			name = Products;
			sourceTree = "<group>";
		};
		33EEA3132A5C6EDC00B9A9ED /* NYCSchoolsSwiftUITest */ = {
			isa = PBXGroup;
			children = (
				33EEA3142A5C6EDC00B9A9ED /* NYCSchoolsSwiftUITestApp.swift */,
				33EEA3162A5C6EDC00B9A9ED /* ContentView.swift */,
				33EEA3182A5C6EDC00B9A9ED /* Assets.xcassets */,
				33EEA31A2A5C6EDC00B9A9ED /* Preview Content */,
			);
			path = NYCSchoolsSwiftUITest;
			sourceTree = "<group>";
		};
		33EEA31A2A5C6EDC00B9A9ED /* Preview Content */ = {
			isa = PBXGroup;
			children = (
				33EEA31B2A5C6EDC00B9A9ED /* Preview Assets.xcassets */,
			);
			path = "Preview Content";
			sourceTree = "<group>";
		};
		33EEA3242A5C6EDD00B9A9ED /* NYCSchoolsSwiftUITestTests */ = {
			isa = PBXGroup;
			children = (
				33EEA3252A5C6EDD00B9A9ED /* NYCSchoolsSwiftUITestTests.swift */,
			);
			path = NYCSchoolsSwiftUITestTests;
			sourceTree = "<group>";
		};
		33EEA32E2A5C6EDD00B9A9ED /* NYCSchoolsSwiftUITestUITests */ = {
			isa = PBXGroup;
			children = (
				33EEA32F2A5C6EDD00B9A9ED /* NYCSchoolsSwiftUITestUITests.swift */,
				33EEA3312A5C6EDD00B9A9ED /* NYCSchoolsSwiftUITestUITestsLaunchTests.swift */,
			);
			path = NYCSchoolsSwiftUITestUITests;
			sourceTree = "<group>";
		};
/* End PBXGroup section */

/* Begin PBXNativeTarget section */
		33EEA3102A5C6EDC00B9A9ED /* NYCSchoolsSwiftUITest */ = {
			isa = PBXNativeTarget;
			buildConfigurationList = 33EEA3352A5C6EDD00B9A9ED /* Build configuration list for PBXNativeTarget "NYCSchoolsSwiftUITest" */;
			buildPhases = (
				33EEA30D2A5C6EDC00B9A9ED /* Sources */,
				33EEA30E2A5C6EDC00B9A9ED /* Frameworks */,
				33EEA30F2A5C6EDC00B9A9ED /* Resources */,
			);
			buildRules = (
			);
			dependencies = (
			);
			name = NYCSchoolsSwiftUITest;
			productName = NYCSchoolsSwiftUITest;
			productReference = 33EEA3112A5C6EDC00B9A9ED /* NYCSchoolsSwiftUITest.app */;
			productType = "com.apple.product-type.application";
		};
		33EEA3202A5C6EDD00B9A9ED /* NYCSchoolsSwiftUITestTests */ = {
			isa = PBXNativeTarget;
			buildConfigurationList = 33EEA3382A5C6EDD00B9A9ED /* Build configuration list for PBXNativeTarget "NYCSchoolsSwiftUITestTests" */;
			buildPhases = (
				33EEA31D2A5C6EDD00B9A9ED /* Sources */,
				33EEA31E2A5C6EDD00B9A9ED /* Frameworks */,
				33EEA31F2A5C6EDD00B9A9ED /* Resources */,
			);
			buildRules = (
			);
			dependencies = (
				33EEA3232A5C6EDD00B9A9ED /* PBXTargetDependency */,
			);
			name = NYCSchoolsSwiftUITestTests;
			productName = NYCSchoolsSwiftUITestTests;
			productReference = 33EEA3212A5C6EDD00B9A9ED /* NYCSchoolsSwiftUITestTests.xctest */;
			productType = "com.apple.product-type.bundle.unit-test";
		};
		33EEA32A2A5C6EDD00B9A9ED /* NYCSchoolsSwiftUITestUITests */ = {
			isa = PBXNativeTarget;
			buildConfigurationList = 33EEA33B2A5C6EDD00B9A9ED /* Build configuration list for PBXNativeTarget "NYCSchoolsSwiftUITestUITests" */;
			buildPhases = (
				33EEA3272A5C6EDD00B9A9ED /* Sources */,
				33EEA3282A5C6EDD00B9A9ED /* Frameworks */,
				33EEA3292A5C6EDD00B9A9ED /* Resources */,
			);
			buildRules = (
			);
			dependencies = (
				33EEA32D2A5C6EDD00B9A9ED /* PBXTargetDependency */,
			);
			name = NYCSchoolsSwiftUITestUITests;
			productName = NYCSchoolsSwiftUITestUITests;
			productReference = 33EEA32B2A5C6EDD00B9A9ED /* NYCSchoolsSwiftUITestUITests.xctest */;
			productType = "com.apple.product-type.bundle.ui-testing";
		};
/* End PBXNativeTarget section */

/* Begin PBXProject section */
		33EEA3092A5C6EDB00B9A9ED /* Project object */ = {
			isa = PBXProject;
			attributes = {
				BuildIndependentTargetsInParallel = 1;
				LastSwiftUpdateCheck = 1420;
				LastUpgradeCheck = 1420;
				TargetAttributes = {
					33EEA3102A5C6EDC00B9A9ED = {
						CreatedOnToolsVersion = 14.2;
					};
					33EEA3202A5C6EDD00B9A9ED = {
						CreatedOnToolsVersion = 14.2;
						TestTargetID = 33EEA3102A5C6EDC00B9A9ED;
					};
					33EEA32A2A5C6EDD00B9A9ED = {
						CreatedOnToolsVersion = 14.2;
						TestTargetID = 33EEA3102A5C6EDC00B9A9ED;
					};
				};
			};
			buildConfigurationList = 33EEA30C2A5C6EDB00B9A9ED /* Build configuration list for PBXProject "NYCSchoolsSwiftUITest" */;
			compatibilityVersion = "Xcode 14.0";
			developmentRegion = en;
			hasScannedForEncodings = 0;
			knownRegions = (
				en,
				Base,
			);
			mainGroup = 33EEA3082A5C6EDB00B9A9ED;
			productRefGroup = 33EEA3122A5C6EDC00B9A9ED /* Products */;
			projectDirPath = "";
			projectRoot = "";
			targets = (
				33EEA3102A5C6EDC00B9A9ED /* NYCSchoolsSwiftUITest */,
				33EEA3202A5C6EDD00B9A9ED /* NYCSchoolsSwiftUITestTests */,
				33EEA32A2A5C6EDD00B9A9ED /* NYCSchoolsSwiftUITestUITests */,
			);
		};
/* End PBXProject section */

/* Begin PBXResourcesBuildPhase section */
		33EEA30F2A5C6EDC00B9A9ED /* Resources */ = {
			isa = PBXResourcesBuildPhase;
			buildActionMask = 2147483647;
			files = (
				33EEA31C2A5C6EDC00B9A9ED /* Preview Assets.xcassets in Resources */,
				33EEA3192A5C6EDC00B9A9ED /* Assets.xcassets in Resources */,
			);
			runOnlyForDeploymentPostprocessing = 0;
		};
		33EEA31F2A5C6EDD00B9A9ED /* Resources */ = {
			isa = PBXResourcesBuildPhase;
			buildActionMask = 2147483647;
			files = (
			);
			runOnlyForDeploymentPostprocessing = 0;
		};
		33EEA3292A5C6EDD00B9A9ED /* Resources */ = {
			isa = PBXResourcesBuildPhase;
			buildActionMask = 2147483647;
			files = (
			);
			runOnlyForDeploymentPostprocessing = 0;
		};
/* End PBXResourcesBuildPhase section */

/* Begin PBXSourcesBuildPhase section */
		33EEA30D2A5C6EDC00B9A9ED /* Sources */ = {
			isa = PBXSourcesBuildPhase;
			buildActionMask = 2147483647;
			files = (
				33EEA3172A5C6EDC00B9A9ED /* ContentView.swift in Sources */,
				33EEA3152A5C6EDC00B9A9ED /* NYCSchoolsSwiftUITestApp.swift in Sources */,
			);
			runOnlyForDeploymentPostprocessing = 0;
		};
		33EEA31D2A5C6EDD00B9A9ED /* Sources */ = {
			isa = PBXSourcesBuildPhase;
			buildActionMask = 2147483647;
			files = (
				33EEA3262A5C6EDD00B9A9ED /* NYCSchoolsSwiftUITestTests.swift in Sources */,
			);
			runOnlyForDeploymentPostprocessing = 0;
		};
		33EEA3272A5C6EDD00B9A9ED /* Sources */ = {
			isa = PBXSourcesBuildPhase;
			buildActionMask = 2147483647;
			files = (
				33EEA3302A5C6EDD00B9A9ED /* NYCSchoolsSwiftUITestUITests.swift in Sources */,
				33EEA3322A5C6EDD00B9A9ED /* NYCSchoolsSwiftUITestUITestsLaunchTests.swift in Sources */,
			);
			runOnlyForDeploymentPostprocessing = 0;
		};
/* End PBXSourcesBuildPhase section */

/* Begin PBXTargetDependency section */
		33EEA3232A5C6EDD00B9A9ED /* PBXTargetDependency */ = {
			isa = PBXTargetDependency;
			target = 33EEA3102A5C6EDC00B9A9ED /* NYCSchoolsSwiftUITest */;
			targetProxy = 33EEA3222A5C6EDD00B9A9ED /* PBXContainerItemProxy */;
		};
		33EEA32D2A5C6EDD00B9A9ED /* PBXTargetDependency */ = {
			isa = PBXTargetDependency;
			target = 33EEA3102A5C6EDC00B9A9ED /* NYCSchoolsSwiftUITest */;
			targetProxy = 33EEA32C2A5C6EDD00B9A9ED /* PBXContainerItemProxy */;
		};
/* End PBXTargetDependency section */

/* Begin XCBuildConfiguration section */
		33EEA3332A5C6EDD00B9A9ED /* Debug */ = {
			isa = XCBuildConfiguration;
			buildSettings = {
				ALWAYS_SEARCH_USER_PATHS = NO;
				CLANG_ANALYZER_NONNULL = YES;
				CLANG_ANALYZER_NUMBER_OBJECT_CONVERSION = YES_AGGRESSIVE;
				CLANG_CXX_LANGUAGE_STANDARD = "gnu++20";
				CLANG_ENABLE_MODULES = YES;
				CLANG_ENABLE_OBJC_ARC = YES;
				CLANG_ENABLE_OBJC_WEAK = YES;
				CLANG_WARN_BLOCK_CAPTURE_AUTORELEASING = YES;
				CLANG_WARN_BOOL_CONVERSION = YES;
				CLANG_WARN_COMMA = YES;
				CLANG_WARN_CONSTANT_CONVERSION = YES;
				CLANG_WARN_DEPRECATED_OBJC_IMPLEMENTATIONS = YES;
				CLANG_WARN_DIRECT_OBJC_ISA_USAGE = YES_ERROR;
				CLANG_WARN_DOCUMENTATION_COMMENTS = YES;
				CLANG_WARN_EMPTY_BODY = YES;
				CLANG_WARN_ENUM_CONVERSION = YES;
				CLANG_WARN_INFINITE_RECURSION = YES;
				CLANG_WARN_INT_CONVERSION = YES;
				CLANG_WARN_NON_LITERAL_NULL_CONVERSION = YES;
				CLANG_WARN_OBJC_IMPLICIT_RETAIN_SELF = YES;
				CLANG_WARN_OBJC_LITERAL_CONVERSION = YES;
				CLANG_WARN_OBJC_ROOT_CLASS = YES_ERROR;
				CLANG_WARN_QUOTED_INCLUDE_IN_FRAMEWORK_HEADER = YES;
				CLANG_WARN_RANGE_LOOP_ANALYSIS = YES;
				CLANG_WARN_STRICT_PROTOTYPES = YES;
				CLANG_WARN_SUSPICIOUS_MOVE = YES;
				CLANG_WARN_UNGUARDED_AVAILABILITY = YES_AGGRESSIVE;
				CLANG_WARN_UNREACHABLE_CODE = YES;
				CLANG_WARN__DUPLICATE_METHOD_MATCH = YES;
				COPY_PHASE_STRIP = NO;
				DEBUG_INFORMATION_FORMAT = dwarf;
				ENABLE_STRICT_OBJC_MSGSEND = YES;
				ENABLE_TESTABILITY = YES;
				GCC_C_LANGUAGE_STANDARD = gnu11;
				GCC_DYNAMIC_NO_PIC = NO;
				GCC_NO_COMMON_BLOCKS = YES;
				GCC_OPTIMIZATION_LEVEL = 0;
				GCC_PREPROCESSOR_DEFINITIONS = (
					"DEBUG=1",
					"$(inherited)",
				);
				GCC_WARN_64_TO_32_BIT_CONVERSION = YES;
				GCC_WARN_ABOUT_RETURN_TYPE = YES_ERROR;
				GCC_WARN_UNDECLARED_SELECTOR = YES;
				GCC_WARN_UNINITIALIZED_AUTOS = YES_AGGRESSIVE;
				GCC_WARN_UNUSED_FUNCTION = YES;
				GCC_WARN_UNUSED_VARIABLE = YES;
				IPHONEOS_DEPLOYMENT_TARGET = 16.2;
				MTL_ENABLE_DEBUG_INFO = INCLUDE_SOURCE;
				MTL_FAST_MATH = YES;
				ONLY_ACTIVE_ARCH = YES;
				SDKROOT = iphoneos;
				SWIFT_ACTIVE_COMPILATION_CONDITIONS = DEBUG;
				SWIFT_OPTIMIZATION_LEVEL = "-Onone";
			};
			name = Debug;
		};
		33EEA3342A5C6EDD00B9A9ED /* Release */ = {
			isa = XCBuildConfiguration;
			buildSettings = {
				ALWAYS_SEARCH_USER_PATHS = NO;
				CLANG_ANALYZER_NONNULL = YES;
				CLANG_ANALYZER_NUMBER_OBJECT_CONVERSION = YES_AGGRESSIVE;
				CLANG_CXX_LANGUAGE_STANDARD = "gnu++20";
				CLANG_ENABLE_MODULES = YES;
				CLANG_ENABLE_OBJC_ARC = YES;
				CLANG_ENABLE_OBJC_WEAK = YES;
				CLANG_WARN_BLOCK_CAPTURE_AUTORELEASING = YES;
				CLANG_WARN_BOOL_CONVERSION = YES;
				CLANG_WARN_COMMA = YES;
				CLANG_WARN_CONSTANT_CONVERSION = YES;
				CLANG_WARN_DEPRECATED_OBJC_IMPLEMENTATIONS = YES;
				CLANG_WARN_DIRECT_OBJC_ISA_USAGE = YES_ERROR;
				CLANG_WARN_DOCUMENTATION_COMMENTS = YES;
				CLANG_WARN_EMPTY_BODY = YES;
				CLANG_WARN_ENUM_CONVERSION = YES;
				CLANG_WARN_INFINITE_RECURSION = YES;
				CLANG_WARN_INT_CONVERSION = YES;
				CLANG_WARN_NON_LITERAL_NULL_CONVERSION = YES;
				CLANG_WARN_OBJC_IMPLICIT_RETAIN_SELF = YES;
				CLANG_WARN_OBJC_LITERAL_CONVERSION = YES;
				CLANG_WARN_OBJC_ROOT_CLASS = YES_ERROR;
				CLANG_WARN_QUOTED_INCLUDE_IN_FRAMEWORK_HEADER = YES;
				CLANG_WARN_RANGE_LOOP_ANALYSIS = YES;
				CLANG_WARN_STRICT_PROTOTYPES = YES;
				CLANG_WARN_SUSPICIOUS_MOVE = YES;
				CLANG_WARN_UNGUARDED_AVAILABILITY = YES_AGGRESSIVE;
				CLANG_WARN_UNREACHABLE_CODE = YES;
				CLANG_WARN__DUPLICATE_METHOD_MATCH = YES;
				COPY_PHASE_STRIP = NO;
				DEBUG_INFORMATION_FORMAT = "dwarf-with-dsym";
				ENABLE_NS_ASSERTIONS = NO;
				ENABLE_STRICT_OBJC_MSGSEND = YES;
				GCC_C_LANGUAGE_STANDARD = gnu11;
				GCC_NO_COMMON_BLOCKS = YES;
				GCC_WARN_64_TO_32_BIT_CONVERSION = YES;
				GCC_WARN_ABOUT_RETURN_TYPE = YES_ERROR;
				GCC_WARN_UNDECLARED_SELECTOR = YES;
				GCC_WARN_UNINITIALIZED_AUTOS = YES_AGGRESSIVE;
				GCC_WARN_UNUSED_FUNCTION = YES;
				GCC_WARN_UNUSED_VARIABLE = YES;
				IPHONEOS_DEPLOYMENT_TARGET = 16.2;
				MTL_ENABLE_DEBUG_INFO = NO;
				MTL_FAST_MATH = YES;
				SDKROOT = iphoneos;
				SWIFT_COMPILATION_MODE = wholemodule;
				SWIFT_OPTIMIZATION_LEVEL = "-O";
				VALIDATE_PRODUCT = YES;
			};
			name = Release;
		};
		33EEA3362A5C6EDD00B9A9ED /* Debug */ = {
			isa = XCBuildConfiguration;
			buildSettings = {
				ASSETCATALOG_COMPILER_APPICON_NAME = AppIcon;
				ASSETCATALOG_COMPILER_GLOBAL_ACCENT_COLOR_NAME = AccentColor;
				CODE_SIGN_STYLE = Automatic;
				CURRENT_PROJECT_VERSION = 1;
				DEVELOPMENT_ASSET_PATHS = "\"NYCSchoolsSwiftUITest/Preview Content\"";
				ENABLE_PREVIEWS = YES;
				GENERATE_INFOPLIST_FILE = YES;
				INFOPLIST_KEY_UIApplicationSceneManifest_Generation = YES;
				INFOPLIST_KEY_UIApplicationSupportsIndirectInputEvents = YES;
				INFOPLIST_KEY_UILaunchScreen_Generation = YES;
				INFOPLIST_KEY_UISupportedInterfaceOrientations_iPad = "UIInterfaceOrientationPortrait UIInterfaceOrientationPortraitUpsideDown UIInterfaceOrientationLandscapeLeft UIInterfaceOrientationLandscapeRight";
				INFOPLIST_KEY_UISupportedInterfaceOrientations_iPhone = "UIInterfaceOrientationPortrait UIInterfaceOrientationLandscapeLeft UIInterfaceOrientationLandscapeRight";
				LD_RUNPATH_SEARCH_PATHS = (
					"$(inherited)",
					"@executable_path/Frameworks",
				);
				MARKETING_VERSION = 1.0;
				PRODUCT_BUNDLE_IDENTIFIER = com.exampleswiftui.NYCSchoolsSwiftUITest;
				PRODUCT_NAME = "$(TARGET_NAME)";
				SWIFT_EMIT_LOC_STRINGS = YES;
				SWIFT_VERSION = 5.0;
				TARGETED_DEVICE_FAMILY = "1,2";
			};
			name = Debug;
		};
		33EEA3372A5C6EDD00B9A9ED /* Release */ = {
			isa = XCBuildConfiguration;
			buildSettings = {
				ASSETCATALOG_COMPILER_APPICON_NAME = AppIcon;
				ASSETCATALOG_COMPILER_GLOBAL_ACCENT_COLOR_NAME = AccentColor;
				CODE_SIGN_STYLE = Automatic;
				CURRENT_PROJECT_VERSION = 1;
				DEVELOPMENT_ASSET_PATHS = "\"NYCSchoolsSwiftUITest/Preview Content\"";
				ENABLE_PREVIEWS = YES;
				GENERATE_INFOPLIST_FILE = YES;
				INFOPLIST_KEY_UIApplicationSceneManifest_Generation = YES;
				INFOPLIST_KEY_UIApplicationSupportsIndirectInputEvents = YES;
				INFOPLIST_KEY_UILaunchScreen_Generation = YES;
				INFOPLIST_KEY_UISupportedInterfaceOrientations_iPad = "UIInterfaceOrientationPortrait UIInterfaceOrientationPortraitUpsideDown UIInterfaceOrientationLandscapeLeft UIInterfaceOrientationLandscapeRight";
				INFOPLIST_KEY_UISupportedInterfaceOrientations_iPhone = "UIInterfaceOrientationPortrait UIInterfaceOrientationLandscapeLeft UIInterfaceOrientationLandscapeRight";
				LD_RUNPATH_SEARCH_PATHS = (
					"$(inherited)",
					"@executable_path/Frameworks",
				);
				MARKETING_VERSION = 1.0;
				PRODUCT_BUNDLE_IDENTIFIER = com.exampleswiftui.NYCSchoolsSwiftUITest;
				PRODUCT_NAME = "$(TARGET_NAME)";
				SWIFT_EMIT_LOC_STRINGS = YES;
				SWIFT_VERSION = 5.0;
				TARGETED_DEVICE_FAMILY = "1,2";
			};
			name = Release;
		};
		33EEA3392A5C6EDD00B9A9ED /* Debug */ = {
			isa = XCBuildConfiguration;
			buildSettings = {
				ALWAYS_EMBED_SWIFT_STANDARD_LIBRARIES = YES;
				BUNDLE_LOADER = "$(TEST_HOST)";
				CODE_SIGN_STYLE = Automatic;
				CURRENT_PROJECT_VERSION = 1;
				GENERATE_INFOPLIST_FILE = YES;
				IPHONEOS_DEPLOYMENT_TARGET = 16.2;
				MARKETING_VERSION = 1.0;
				PRODUCT_BUNDLE_IDENTIFIER = com.exampleswiftui.NYCSchoolsSwiftUITestTests;
				PRODUCT_NAME = "$(TARGET_NAME)";
				SWIFT_EMIT_LOC_STRINGS = NO;
				SWIFT_VERSION = 5.0;
				TARGETED_DEVICE_FAMILY = "1,2";
				TEST_HOST = "$(BUILT_PRODUCTS_DIR)/NYCSchoolsSwiftUITest.app/$(BUNDLE_EXECUTABLE_FOLDER_PATH)/NYCSchoolsSwiftUITest";
			};
			name = Debug;
		};
		33EEA33A2A5C6EDD00B9A9ED /* Release */ = {
			isa = XCBuildConfiguration;
			buildSettings = {
				ALWAYS_EMBED_SWIFT_STANDARD_LIBRARIES = YES;
				BUNDLE_LOADER = "$(TEST_HOST)";
				CODE_SIGN_STYLE = Automatic;
				CURRENT_PROJECT_VERSION = 1;
				GENERATE_INFOPLIST_FILE = YES;
				IPHONEOS_DEPLOYMENT_TARGET = 16.2;
				MARKETING_VERSION = 1.0;
				PRODUCT_BUNDLE_IDENTIFIER = com.exampleswiftui.NYCSchoolsSwiftUITestTests;
				PRODUCT_NAME = "$(TARGET_NAME)";
				SWIFT_EMIT_LOC_STRINGS = NO;
				SWIFT_VERSION = 5.0;
				TARGETED_DEVICE_FAMILY = "1,2";
				TEST_HOST = "$(BUILT_PRODUCTS_DIR)/NYCSchoolsSwiftUITest.app/$(BUNDLE_EXECUTABLE_FOLDER_PATH)/NYCSchoolsSwiftUITest";
			};
			name = Release;
		};
		33EEA33C2A5C6EDD00B9A9ED /* Debug */ = {
			isa = XCBuildConfiguration;
			buildSettings = {
				ALWAYS_EMBED_SWIFT_STANDARD_LIBRARIES = YES;
				CODE_SIGN_STYLE = Automatic;
				CURRENT_PROJECT_VERSION = 1;
				GENERATE_INFOPLIST_FILE = YES;
				MARKETING_VERSION = 1.0;
				PRODUCT_BUNDLE_IDENTIFIER = com.exampleswiftui.NYCSchoolsSwiftUITestUITests;
				PRODUCT_NAME = "$(TARGET_NAME)";
				SWIFT_EMIT_LOC_STRINGS = NO;
				SWIFT_VERSION = 5.0;
				TARGETED_DEVICE_FAMILY = "1,2";
				TEST_TARGET_NAME = NYCSchoolsSwiftUITest;
			};
			name = Debug;
		};
		33EEA33D2A5C6EDD00B9A9ED /* Release */ = {
			isa = XCBuildConfiguration;
			buildSettings = {
				ALWAYS_EMBED_SWIFT_STANDARD_LIBRARIES = YES;
				CODE_SIGN_STYLE = Automatic;
				CURRENT_PROJECT_VERSION = 1;
				GENERATE_INFOPLIST_FILE = YES;
				MARKETING_VERSION = 1.0;
				PRODUCT_BUNDLE_IDENTIFIER = com.exampleswiftui.NYCSchoolsSwiftUITestUITests;
				PRODUCT_NAME = "$(TARGET_NAME)";
				SWIFT_EMIT_LOC_STRINGS = NO;
				SWIFT_VERSION = 5.0;
				TARGETED_DEVICE_FAMILY = "1,2";
				TEST_TARGET_NAME = NYCSchoolsSwiftUITest;
			};
			name = Release;
		};
/* End XCBuildConfiguration section */

/* Begin XCConfigurationList section */
		33EEA30C2A5C6EDB00B9A9ED /* Build configuration list for PBXProject "NYCSchoolsSwiftUITest" */ = {
			isa = XCConfigurationList;
			buildConfigurations = (
				33EEA3332A5C6EDD00B9A9ED /* Debug */,
				33EEA3342A5C6EDD00B9A9ED /* Release */,
			);
			defaultConfigurationIsVisible = 0;
			defaultConfigurationName = Release;
		};
		33EEA3352A5C6EDD00B9A9ED /* Build configuration list for PBXNativeTarget "NYCSchoolsSwiftUITest" */ = {
			isa = XCConfigurationList;
			buildConfigurations = (
				33EEA3362A5C6EDD00B9A9ED /* Debug */,
				33EEA3372A5C6EDD00B9A9ED /* Release */,
			);
			defaultConfigurationIsVisible = 0;
			defaultConfigurationName = Release;
		};
		33EEA3382A5C6EDD00B9A9ED /* Build configuration list for PBXNativeTarget "NYCSchoolsSwiftUITestTests" */ = {
			isa = XCConfigurationList;
			buildConfigurations = (
				33EEA3392A5C6EDD00B9A9ED /* Debug */,
				33EEA33A2A5C6EDD00B9A9ED /* Release */,
			);
			defaultConfigurationIsVisible = 0;
			defaultConfigurationName = Release;
		};
		33EEA33B2A5C6EDD00B9A9ED /* Build configuration list for PBXNativeTarget "NYCSchoolsSwiftUITestUITests" */ = {
			isa = XCConfigurationList;
			buildConfigurations = (
				33EEA33C2A5C6EDD00B9A9ED /* Debug */,
				33EEA33D2A5C6EDD00B9A9ED /* Release */,
			);
			defaultConfigurationIsVisible = 0;
			defaultConfigurationName = Release;
		};
/* End XCConfigurationList section */
	};
	rootObject = 33EEA3092A5C6EDB00B9A9ED /* Project object */;
}
